# This file is automatically @generated by Cargo.
# It is not intended for manual editing.
version = 4

[[package]]
name = "parson-core"
version = "0.1.0"

[[package]]
name = "parson-parse"
version = "0.1.0"
dependencies = [
 "parson-core",
]

[[package]]
name = "parson-serialize"
version = "0.1.0"
dependencies = [
 "parson-core",
]

[[package]]
name = "parson-util"
version = "0.1.0"
dependencies = [
 "parson-core",
]
